
Microsoft Visual Studio Solution File, Format Version 12.00
# Visual Studio Version 17
VisualStudioVersion = 17.10.34928.147
MinimumVisualStudioVersion = 10.0.40219.1
Project("{2150E333-8FDC-42A3-9474-1A3956D46DE8}") = "Docker", "Docker", "{FE1FE423-E8D7-4A9E-BCB4-11930FC6E9BD}"
	ProjectSection(SolutionItems) = preProject
		docker-compose.yml = docker-compose.yml
	EndProjectSection
EndProject
Project("{9A19103F-16F7-4668-BE54-9A1E7A4F7556}") = "TestProject.Core", "TestProject.Core\TestProject.Core.csproj", "{6F88C1E4-EF8C-4508-9838-7FD9898FEDF2}"
EndProject
Project("{9A19103F-16F7-4668-BE54-9A1E7A4F7556}") = "TestProject.Infrastructure", "TestProject.Infrastructure\TestProject.Infrastructure.csproj", "{F531D5EC-63A1-4448-9BA0-12AB2CA2EF05}"
	ProjectSection(ProjectDependencies) = postProject
		{6F88C1E4-EF8C-4508-9838-7FD9898FEDF2} = {6F88C1E4-EF8C-4508-9838-7FD9898FEDF2}
	EndProjectSection
EndProject
Project("{9A19103F-16F7-4668-BE54-9A1E7A4F7556}") = "TestProject.Common", "TestProject.Common\TestProject.Common.csproj", "{127017AA-5F43-464B-8C36-8EF1F5385F58}"
EndProject
Project("{9A19103F-16F7-4668-BE54-9A1E7A4F7556}") = "TestProject.DataSyncService", "TestProject.DataSyncService\TestProject.DataSyncService.csproj", "{652B7C62-2567-4CCC-8225-ACDFA8FDE17E}"
EndProject
Project("{9A19103F-16F7-4668-BE54-9A1E7A4F7556}") = "TestProject.API", "TestProject.API\TestProject.API.csproj", "{F13884B0-C7DA-4EF0-85E4-F84889B3EA01}"
EndProject
Project("{FAE04EC0-301F-11D3-BF4B-00C04F79EFBC}") = "TestProject.Application", "TestProject.Application\TestProject.Application.csproj", "{6F852BF2-F281-490B-B0DE-CF12CB5FE7EC}"
EndProject
Global
	GlobalSection(SolutionConfigurationPlatforms) = preSolution
		Debug|Any CPU = Debug|Any CPU
		Release|Any CPU = Release|Any CPU
	EndGlobalSection
	GlobalSection(ProjectConfigurationPlatforms) = postSolution
		{6F88C1E4-EF8C-4508-9838-7FD9898FEDF2}.Debug|Any CPU.ActiveCfg = Debug|Any CPU
		{6F88C1E4-EF8C-4508-9838-7FD9898FEDF2}.Debug|Any CPU.Build.0 = Debug|Any CPU
		{6F88C1E4-EF8C-4508-9838-7FD9898FEDF2}.Release|Any CPU.ActiveCfg = Release|Any CPU
		{6F88C1E4-EF8C-4508-9838-7FD9898FEDF2}.Release|Any CPU.Build.0 = Release|Any CPU
		{F531D5EC-63A1-4448-9BA0-12AB2CA2EF05}.Debug|Any CPU.ActiveCfg = Debug|Any CPU
		{F531D5EC-63A1-4448-9BA0-12AB2CA2EF05}.Debug|Any CPU.Build.0 = Debug|Any CPU
		{F531D5EC-63A1-4448-9BA0-12AB2CA2EF05}.Release|Any CPU.ActiveCfg = Release|Any CPU
		{F531D5EC-63A1-4448-9BA0-12AB2CA2EF05}.Release|Any CPU.Build.0 = Release|Any CPU
		{127017AA-5F43-464B-8C36-8EF1F5385F58}.Debug|Any CPU.ActiveCfg = Debug|Any CPU
		{127017AA-5F43-464B-8C36-8EF1F5385F58}.Debug|Any CPU.Build.0 = Debug|Any CPU
		{127017AA-5F43-464B-8C36-8EF1F5385F58}.Release|Any CPU.ActiveCfg = Release|Any CPU
		{127017AA-5F43-464B-8C36-8EF1F5385F58}.Release|Any CPU.Build.0 = Release|Any CPU
		{652B7C62-2567-4CCC-8225-ACDFA8FDE17E}.Debug|Any CPU.ActiveCfg = Debug|Any CPU
		{652B7C62-2567-4CCC-8225-ACDFA8FDE17E}.Debug|Any CPU.Build.0 = Debug|Any CPU
		{652B7C62-2567-4CCC-8225-ACDFA8FDE17E}.Release|Any CPU.ActiveCfg = Release|Any CPU
		{652B7C62-2567-4CCC-8225-ACDFA8FDE17E}.Release|Any CPU.Build.0 = Release|Any CPU
		{F13884B0-C7DA-4EF0-85E4-F84889B3EA01}.Debug|Any CPU.ActiveCfg = Debug|Any CPU
		{F13884B0-C7DA-4EF0-85E4-F84889B3EA01}.Debug|Any CPU.Build.0 = Debug|Any CPU
		{F13884B0-C7DA-4EF0-85E4-F84889B3EA01}.Release|Any CPU.ActiveCfg = Release|Any CPU
		{F13884B0-C7DA-4EF0-85E4-F84889B3EA01}.Release|Any CPU.Build.0 = Release|Any CPU
		{6F852BF2-F281-490B-B0DE-CF12CB5FE7EC}.Debug|Any CPU.ActiveCfg = Debug|Any CPU
		{6F852BF2-F281-490B-B0DE-CF12CB5FE7EC}.Debug|Any CPU.Build.0 = Debug|Any CPU
		{6F852BF2-F281-490B-B0DE-CF12CB5FE7EC}.Release|Any CPU.ActiveCfg = Release|Any CPU
		{6F852BF2-F281-490B-B0DE-CF12CB5FE7EC}.Release|Any CPU.Build.0 = Release|Any CPU
	EndGlobalSection
	GlobalSection(SolutionProperties) = preSolution
		HideSolutionNode = FALSE
	EndGlobalSection
	GlobalSection(ExtensibilityGlobals) = postSolution
		SolutionGuid = {5D60BBDF-7173-4B3F-9E46-6FD9ECF8EB88}
	EndGlobalSection
EndGlobal
